
Microsoft Visual Studio Solution File, Format Version 12.00
Project("{2150E333-8FDC-42A3-9474-1A3956D46DE8}") = "CodingTests", "CodingTests", "{E8FEC3C5-705D-45F6-BAC5-0470D5D91848}"
EndProject
Project("{2150E333-8FDC-42A3-9474-1A3956D46DE8}") = "Programmers", "Programmers", "{2F71A2DF-5CE5-48C2-A7AA-051F079BF2B1}"
EndProject
Project("{2150E333-8FDC-42A3-9474-1A3956D46DE8}") = "Level2", "Level2", "{036AC658-4C51-4A72-9AE1-243A4D7DF584}"
EndProject
Project("{FAE04EC0-301F-11D3-BF4B-00C04F79EFBC}") = "ProceedWithTheAssignment", "CodingTests\Programmers\Level2\ProceedWithTheAssignment\ProceedWithTheAssignment.csproj", "{A9E154F4-1E7F-4A03-BC73-60B4D2A1E5CF}"
EndProject
Project("{FAE04EC0-301F-11D3-BF4B-00C04F79EFBC}") = "ProceedWithTheAssignment.Tests", "CodingTests\Programmers\Level2\ProceedWithTheAssignment.Tests\ProceedWithTheAssignment.Tests.csproj", "{CD3AF9DB-C49F-4A3C-9C7C-567DAF34FBAE}"
EndProject
Project("{FAE04EC0-301F-11D3-BF4B-00C04F79EFBC}") = "ProceedWithTheAssignment_2", "CodingTests\Programmers\Level2\ProceedWithTheAssignment_2\ProceedWithTheAssignment_2.csproj", "{15664323-8340-4BB2-BDBC-9C8672BC0BED}"
EndProject
Global
	GlobalSection(SolutionConfigurationPlatforms) = preSolution
		Debug|Any CPU = Debug|Any CPU
		Release|Any CPU = Release|Any CPU
	EndGlobalSection
	GlobalSection(ProjectConfigurationPlatforms) = postSolution
		{A9E154F4-1E7F-4A03-BC73-60B4D2A1E5CF}.Debug|Any CPU.ActiveCfg = Debug|Any CPU
		{A9E154F4-1E7F-4A03-BC73-60B4D2A1E5CF}.Debug|Any CPU.Build.0 = Debug|Any CPU
		{A9E154F4-1E7F-4A03-BC73-60B4D2A1E5CF}.Release|Any CPU.ActiveCfg = Release|Any CPU
		{A9E154F4-1E7F-4A03-BC73-60B4D2A1E5CF}.Release|Any CPU.Build.0 = Release|Any CPU
		{CD3AF9DB-C49F-4A3C-9C7C-567DAF34FBAE}.Debug|Any CPU.ActiveCfg = Debug|Any CPU
		{CD3AF9DB-C49F-4A3C-9C7C-567DAF34FBAE}.Debug|Any CPU.Build.0 = Debug|Any CPU
		{CD3AF9DB-C49F-4A3C-9C7C-567DAF34FBAE}.Release|Any CPU.ActiveCfg = Release|Any CPU
		{CD3AF9DB-C49F-4A3C-9C7C-567DAF34FBAE}.Release|Any CPU.Build.0 = Release|Any CPU
		{15664323-8340-4BB2-BDBC-9C8672BC0BED}.Debug|Any CPU.ActiveCfg = Debug|Any CPU
		{15664323-8340-4BB2-BDBC-9C8672BC0BED}.Debug|Any CPU.Build.0 = Debug|Any CPU
		{15664323-8340-4BB2-BDBC-9C8672BC0BED}.Release|Any CPU.ActiveCfg = Release|Any CPU
		{15664323-8340-4BB2-BDBC-9C8672BC0BED}.Release|Any CPU.Build.0 = Release|Any CPU
	EndGlobalSection
	GlobalSection(NestedProjects) = preSolution
		{2F71A2DF-5CE5-48C2-A7AA-051F079BF2B1} = {E8FEC3C5-705D-45F6-BAC5-0470D5D91848}
		{036AC658-4C51-4A72-9AE1-243A4D7DF584} = {2F71A2DF-5CE5-48C2-A7AA-051F079BF2B1}
		{A9E154F4-1E7F-4A03-BC73-60B4D2A1E5CF} = {036AC658-4C51-4A72-9AE1-243A4D7DF584}
		{CD3AF9DB-C49F-4A3C-9C7C-567DAF34FBAE} = {036AC658-4C51-4A72-9AE1-243A4D7DF584}
		{15664323-8340-4BB2-BDBC-9C8672BC0BED} = {036AC658-4C51-4A72-9AE1-243A4D7DF584}
	EndGlobalSection
EndGlobal
