
Microsoft Visual Studio Solution File, Format Version 12.00
Project("{FAE04EC0-301F-11D3-BF4B-00C04F79EFBC}") = "Apis", "Apis\Apis.csproj", "{A3760F05-1D76-49BB-989C-A1F1037BDD81}"
EndProject
Project("{FAE04EC0-301F-11D3-BF4B-00C04F79EFBC}") = "Models", "Models\Models.csproj", "{11701C03-039E-4D52-89A0-0D6C65D5A42C}"
EndProject
Global
	GlobalSection(SolutionConfigurationPlatforms) = preSolution
		Debug|Any CPU = Debug|Any CPU
		Release|Any CPU = Release|Any CPU
	EndGlobalSection
	GlobalSection(ProjectConfigurationPlatforms) = postSolution
		{A3760F05-1D76-49BB-989C-A1F1037BDD81}.Debug|Any CPU.ActiveCfg = Debug|Any CPU
		{A3760F05-1D76-49BB-989C-A1F1037BDD81}.Debug|Any CPU.Build.0 = Debug|Any CPU
		{A3760F05-1D76-49BB-989C-A1F1037BDD81}.Release|Any CPU.ActiveCfg = Release|Any CPU
		{A3760F05-1D76-49BB-989C-A1F1037BDD81}.Release|Any CPU.Build.0 = Release|Any CPU
		{11701C03-039E-4D52-89A0-0D6C65D5A42C}.Debug|Any CPU.ActiveCfg = Debug|Any CPU
		{11701C03-039E-4D52-89A0-0D6C65D5A42C}.Debug|Any CPU.Build.0 = Debug|Any CPU
		{11701C03-039E-4D52-89A0-0D6C65D5A42C}.Release|Any CPU.ActiveCfg = Release|Any CPU
		{11701C03-039E-4D52-89A0-0D6C65D5A42C}.Release|Any CPU.Build.0 = Release|Any CPU
	EndGlobalSection
EndGlobal
